
Microsoft Visual Studio Solution File, Format Version 12.00
# Visual Studio 15
VisualStudioVersion = 15.0.28307.1022
MinimumVisualStudioVersion = 10.0.40219.1
Project("{FAE04EC0-301F-11D3-BF4B-00C04F79EFBC}") = "Server", "Server\Server.csproj", "{AFE37755-D9CF-4065-BD05-69F5F75C271B}"
EndProject
Project("{FAE04EC0-301F-11D3-BF4B-00C04F79EFBC}") = "Client", "Client\Client.csproj", "{5F8199D7-0149-4938-B97C-DA8880AE18E0}"
EndProject
Global
	GlobalSection(SolutionConfigurationPlatforms) = preSolution
		Debug|Any CPU = Debug|Any CPU
		Release|Any CPU = Release|Any CPU
	EndGlobalSection
	GlobalSection(ProjectConfigurationPlatforms) = postSolution
		{AFE37755-D9CF-4065-BD05-69F5F75C271B}.Debug|Any CPU.ActiveCfg = Debug|Any CPU
		{AFE37755-D9CF-4065-BD05-69F5F75C271B}.Debug|Any CPU.Build.0 = Debug|Any CPU
		{AFE37755-D9CF-4065-BD05-69F5F75C271B}.Release|Any CPU.ActiveCfg = Release|Any CPU
		{AFE37755-D9CF-4065-BD05-69F5F75C271B}.Release|Any CPU.Build.0 = Release|Any CPU
		{5F8199D7-0149-4938-B97C-DA8880AE18E0}.Debug|Any CPU.ActiveCfg = Debug|Any CPU
		{5F8199D7-0149-4938-B97C-DA8880AE18E0}.Debug|Any CPU.Build.0 = Debug|Any CPU
		{5F8199D7-0149-4938-B97C-DA8880AE18E0}.Release|Any CPU.ActiveCfg = Release|Any CPU
		{5F8199D7-0149-4938-B97C-DA8880AE18E0}.Release|Any CPU.Build.0 = Release|Any CPU
	EndGlobalSection
	GlobalSection(SolutionProperties) = preSolution
		HideSolutionNode = FALSE
	EndGlobalSection
	GlobalSection(ExtensibilityGlobals) = postSolution
		SolutionGuid = {6740720D-B05B-49D7-B1F7-B3E205FD0C7D}
	EndGlobalSection
EndGlobal
